
Microsoft Visual Studio Solution File, Format Version 12.00
# Visual Studio Version 16
VisualStudioVersion = 16.6.30114.105
MinimumVisualStudioVersion = 10.0.40219.1
Project("{2150E333-8FDC-42A3-9474-1A3956D46DE8}") = "src", "src", "{CC75D772-3E67-4095-9351-DCD6EEF144AD}"
EndProject
Project("{FAE04EC0-301F-11D3-BF4B-00C04F79EFBC}") = "Safir.Common.Messaging", "src\Safir.Common.Messaging\Safir.Common.Messaging.csproj", "{BC0505D2-C2BE-4F78-8DA7-40F5842945D0}"
EndProject
Project("{2150E333-8FDC-42A3-9474-1A3956D46DE8}") = "test", "test", "{3915209A-D60D-48CA-BEBF-AF19F3F594ED}"
EndProject
Project("{FAE04EC0-301F-11D3-BF4B-00C04F79EFBC}") = "Safir.Common.Messaging.Tests", "test\Safir.Common.Messaging.Tests\Safir.Common.Messaging.Tests.csproj", "{A19ECC76-EF27-4439-B21D-483D7068FC9D}"
EndProject
Global
	GlobalSection(SolutionConfigurationPlatforms) = preSolution
		Debug|Any CPU = Debug|Any CPU
		Debug|x64 = Debug|x64
		Debug|x86 = Debug|x86
		Release|Any CPU = Release|Any CPU
		Release|x64 = Release|x64
		Release|x86 = Release|x86
	EndGlobalSection
	GlobalSection(SolutionProperties) = preSolution
		HideSolutionNode = FALSE
	EndGlobalSection
	GlobalSection(ProjectConfigurationPlatforms) = postSolution
		{BC0505D2-C2BE-4F78-8DA7-40F5842945D0}.Debug|Any CPU.ActiveCfg = Debug|Any CPU
		{BC0505D2-C2BE-4F78-8DA7-40F5842945D0}.Debug|Any CPU.Build.0 = Debug|Any CPU
		{BC0505D2-C2BE-4F78-8DA7-40F5842945D0}.Debug|x64.ActiveCfg = Debug|Any CPU
		{BC0505D2-C2BE-4F78-8DA7-40F5842945D0}.Debug|x64.Build.0 = Debug|Any CPU
		{BC0505D2-C2BE-4F78-8DA7-40F5842945D0}.Debug|x86.ActiveCfg = Debug|Any CPU
		{BC0505D2-C2BE-4F78-8DA7-40F5842945D0}.Debug|x86.Build.0 = Debug|Any CPU
		{BC0505D2-C2BE-4F78-8DA7-40F5842945D0}.Release|Any CPU.ActiveCfg = Release|Any CPU
		{BC0505D2-C2BE-4F78-8DA7-40F5842945D0}.Release|Any CPU.Build.0 = Release|Any CPU
		{BC0505D2-C2BE-4F78-8DA7-40F5842945D0}.Release|x64.ActiveCfg = Release|Any CPU
		{BC0505D2-C2BE-4F78-8DA7-40F5842945D0}.Release|x64.Build.0 = Release|Any CPU
		{BC0505D2-C2BE-4F78-8DA7-40F5842945D0}.Release|x86.ActiveCfg = Release|Any CPU
		{BC0505D2-C2BE-4F78-8DA7-40F5842945D0}.Release|x86.Build.0 = Release|Any CPU
		{A19ECC76-EF27-4439-B21D-483D7068FC9D}.Debug|Any CPU.ActiveCfg = Debug|Any CPU
		{A19ECC76-EF27-4439-B21D-483D7068FC9D}.Debug|Any CPU.Build.0 = Debug|Any CPU
		{A19ECC76-EF27-4439-B21D-483D7068FC9D}.Debug|x64.ActiveCfg = Debug|Any CPU
		{A19ECC76-EF27-4439-B21D-483D7068FC9D}.Debug|x64.Build.0 = Debug|Any CPU
		{A19ECC76-EF27-4439-B21D-483D7068FC9D}.Debug|x86.ActiveCfg = Debug|Any CPU
		{A19ECC76-EF27-4439-B21D-483D7068FC9D}.Debug|x86.Build.0 = Debug|Any CPU
		{A19ECC76-EF27-4439-B21D-483D7068FC9D}.Release|Any CPU.ActiveCfg = Release|Any CPU
		{A19ECC76-EF27-4439-B21D-483D7068FC9D}.Release|Any CPU.Build.0 = Release|Any CPU
		{A19ECC76-EF27-4439-B21D-483D7068FC9D}.Release|x64.ActiveCfg = Release|Any CPU
		{A19ECC76-EF27-4439-B21D-483D7068FC9D}.Release|x64.Build.0 = Release|Any CPU
		{A19ECC76-EF27-4439-B21D-483D7068FC9D}.Release|x86.ActiveCfg = Release|Any CPU
		{A19ECC76-EF27-4439-B21D-483D7068FC9D}.Release|x86.Build.0 = Release|Any CPU
	EndGlobalSection
	GlobalSection(NestedProjects) = preSolution
		{BC0505D2-C2BE-4F78-8DA7-40F5842945D0} = {CC75D772-3E67-4095-9351-DCD6EEF144AD}
		{A19ECC76-EF27-4439-B21D-483D7068FC9D} = {3915209A-D60D-48CA-BEBF-AF19F3F594ED}
	EndGlobalSection
EndGlobal
