# This file is generated by running "yarn install" inside your project.
# Manual changes might be lost - proceed with caution!

__metadata:
  version: 4
  cacheKey: 7

"@safir/agent-client@workspace:packages/agent-client":
  version: 0.0.0-use.local
  resolution: "@safir/agent-client@workspace:packages/agent-client"
  dependencies:
    "@safir/protos": "workspace:packages/protos"
    typescript: ^4.3.5
  languageName: unknown
  linkType: soft

"@safir/protos@workspace:packages/protos":
  version: 0.0.0-use.local
  resolution: "@safir/protos@workspace:packages/protos"
  dependencies:
    grpc-web: ^1.2.1
    run-script-os: ^1.1.6
  languageName: unknown
  linkType: soft

"grpc-web@npm:^1.2.1":
  version: 1.2.1
  resolution: "grpc-web@npm:1.2.1"
  checksum: a6d91802731234559447d4a460510d46468e8e4d42950d35c3fcbf060868e5eceb0c495def22b900f815d0ba0da9d8c080c30703c06c3d7b9cba46725a1adcfb
  languageName: node
  linkType: hard

"run-script-os@npm:^1.1.6":
  version: 1.1.6
  resolution: "run-script-os@npm:1.1.6"
  bin:
    run-os: index.js
    run-script-os: index.js
  checksum: 4800bdcb97df3bd551a02bd1d1c969b4d1ec36ce159fef442333ef9fc0690664849f83c8c85e15a34c007390233702a7a2c87a21846d2c60428c1208c3eaf329
  languageName: node
  linkType: hard

"safir@workspace:.":
  version: 0.0.0-use.local
  resolution: "safir@workspace:."
  languageName: unknown
  linkType: soft

typescript@^4.3.5:
  version: 4.3.5
  resolution: "typescript@npm:4.3.5"
  bin:
    tsc: bin/tsc
    tsserver: bin/tsserver
  checksum: d9a8e78d72dd19896e6bfa73ab2a0fcea6eca2700d1d6e7c33f67a970af54a3e0fed8f715a8c4e6a0ff7fc0995067b394b2003518ab0aa84cd396377e54b760c
  languageName: node
  linkType: hard

"typescript@patch:typescript@^4.3.5#builtin<compat/typescript>":
  version: 4.3.5
  resolution: "typescript@patch:typescript@npm%3A4.3.5#builtin<compat/typescript>::version=4.3.5&hash=ddfc1b"
  bin:
    tsc: bin/tsc
    tsserver: bin/tsserver
  checksum: 7f0b8343f71ecac18095be1476b398aca420ab60dc207cc1efe078f381eef5527b80a518297720257114cdbda65612f8839e4b63e85dc95e67ac5cbbade8bdf0
  languageName: node
  linkType: hard
